
Microsoft Visual Studio Solution File, Format Version 12.00
# Visual Studio 15
VisualStudioVersion = 15.0.28307.1433
MinimumVisualStudioVersion = 10.0.40219.1
Project("{FAE04EC0-301F-11D3-BF4B-00C04F79EFBC}") = "LabelCleanUp", "LabelCleanUp.csproj", "{BD4A7763-FB9F-4AA1-97FC-2FDEF8E2C3ED}"
EndProject
Project("{FAE04EC0-301F-11D3-BF4B-00C04F79EFBC}") = "RenameCleanUp", "RenameCleanUp\RenameCleanUp.csproj", "{9794A9BA-846C-4B15-8BCF-308D3E50C24C}"
EndProject
Global
	GlobalSection(SolutionConfigurationPlatforms) = preSolution
		Debug|Any CPU = Debug|Any CPU
		Debug|x86 = Debug|x86
		Release|Any CPU = Release|Any CPU
		Release|x86 = Release|x86
	EndGlobalSection
	GlobalSection(ProjectConfigurationPlatforms) = postSolution
		{BD4A7763-FB9F-4AA1-97FC-2FDEF8E2C3ED}.Debug|Any CPU.ActiveCfg = Debug|x86
		{BD4A7763-FB9F-4AA1-97FC-2FDEF8E2C3ED}.Debug|x86.ActiveCfg = Debug|x86
		{BD4A7763-FB9F-4AA1-97FC-2FDEF8E2C3ED}.Debug|x86.Build.0 = Debug|x86
		{BD4A7763-FB9F-4AA1-97FC-2FDEF8E2C3ED}.Release|Any CPU.ActiveCfg = Release|x86
		{BD4A7763-FB9F-4AA1-97FC-2FDEF8E2C3ED}.Release|x86.ActiveCfg = Release|x86
		{BD4A7763-FB9F-4AA1-97FC-2FDEF8E2C3ED}.Release|x86.Build.0 = Release|x86
		{9794A9BA-846C-4B15-8BCF-308D3E50C24C}.Debug|Any CPU.ActiveCfg = Debug|Any CPU
		{9794A9BA-846C-4B15-8BCF-308D3E50C24C}.Debug|Any CPU.Build.0 = Debug|Any CPU
		{9794A9BA-846C-4B15-8BCF-308D3E50C24C}.Debug|x86.ActiveCfg = Debug|Any CPU
		{9794A9BA-846C-4B15-8BCF-308D3E50C24C}.Debug|x86.Build.0 = Debug|Any CPU
		{9794A9BA-846C-4B15-8BCF-308D3E50C24C}.Release|Any CPU.ActiveCfg = Release|Any CPU
		{9794A9BA-846C-4B15-8BCF-308D3E50C24C}.Release|Any CPU.Build.0 = Release|Any CPU
		{9794A9BA-846C-4B15-8BCF-308D3E50C24C}.Release|x86.ActiveCfg = Release|Any CPU
		{9794A9BA-846C-4B15-8BCF-308D3E50C24C}.Release|x86.Build.0 = Release|Any CPU
	EndGlobalSection
	GlobalSection(SolutionProperties) = preSolution
		HideSolutionNode = FALSE
	EndGlobalSection
	GlobalSection(ExtensibilityGlobals) = postSolution
		SolutionGuid = {A28AF288-5F54-4B43-B8B2-C2008D5E623D}
	EndGlobalSection
EndGlobal
